// !$*UTF8*$!
{
	archiveVersion = 1;
	classes = {
	};
	objectVersion = 56;
	objects = {

/* Begin PBXBuildFile section */
		3DBD281529575B090043F05D /* AppDelegate.swift in Sources */ = {isa = PBXBuildFile; fileRef = 3DBD281429575B090043F05D /* AppDelegate.swift */; };
		3DBD281729575B090043F05D /* SceneDelegate.swift in Sources */ = {isa = PBXBuildFile; fileRef = 3DBD281629575B090043F05D /* SceneDelegate.swift */; };
		3DBD281C29575B090043F05D /* Main.storyboard in Resources */ = {isa = PBXBuildFile; fileRef = 3DBD281A29575B090043F05D /* Main.storyboard */; };
		3DBD281E29575B0A0043F05D /* Assets.xcassets in Resources */ = {isa = PBXBuildFile; fileRef = 3DBD281D29575B0A0043F05D /* Assets.xcassets */; };
		3DBD282129575B0A0043F05D /* LaunchScreen.storyboard in Resources */ = {isa = PBXBuildFile; fileRef = 3DBD281F29575B0A0043F05D /* LaunchScreen.storyboard */; };
		3DBD282929575BDA0043F05D /* Order.swift in Sources */ = {isa = PBXBuildFile; fileRef = 3DBD282829575BDA0043F05D /* Order.swift */; };
		3DBD282E2957658F0043F05D /* OrderTableViewCell.swift in Sources */ = {isa = PBXBuildFile; fileRef = 3DBD282D2957658F0043F05D /* OrderTableViewCell.swift */; };
		3DBD2830295766580043F05D /* MenuTableViewController.swift in Sources */ = {isa = PBXBuildFile; fileRef = 3DBD282F295766580043F05D /* MenuTableViewController.swift */; };
		3DBD2834295776AE0043F05D /* Menu.swift in Sources */ = {isa = PBXBuildFile; fileRef = 3DBD2833295776AE0043F05D /* Menu.swift */; };
		3DBD283829577A1A0043F05D /* MenuTableViewCell.swift in Sources */ = {isa = PBXBuildFile; fileRef = 3DBD283729577A1A0043F05D /* MenuTableViewCell.swift */; };
		3DBD283A29586D3A0043F05D /* OrderViewController.swift in Sources */ = {isa = PBXBuildFile; fileRef = 3DBD283929586D3A0043F05D /* OrderViewController.swift */; };
		3DBFC72F29587E820092463E /* OrderTableViewController.swift in Sources */ = {isa = PBXBuildFile; fileRef = 3DBFC72E29587E820092463E /* OrderTableViewController.swift */; };
/* End PBXBuildFile section */

/* Begin PBXFileReference section */
		3DBD281129575B090043F05D /* DrinksOrder.app */ = {isa = PBXFileReference; explicitFileType = wrapper.application; includeInIndex = 0; path = DrinksOrder.app; sourceTree = BUILT_PRODUCTS_DIR; };
		3DBD281429575B090043F05D /* AppDelegate.swift */ = {isa = PBXFileReference; lastKnownFileType = sourcecode.swift; path = AppDelegate.swift; sourceTree = "<group>"; };
		3DBD281629575B090043F05D /* SceneDelegate.swift */ = {isa = PBXFileReference; lastKnownFileType = sourcecode.swift; path = SceneDelegate.swift; sourceTree = "<group>"; };
		3DBD281B29575B090043F05D /* Base */ = {isa = PBXFileReference; lastKnownFileType = file.storyboard; name = Base; path = Base.lproj/Main.storyboard; sourceTree = "<group>"; };
		3DBD281D29575B0A0043F05D /* Assets.xcassets */ = {isa = PBXFileReference; lastKnownFileType = folder.assetcatalog; path = Assets.xcassets; sourceTree = "<group>"; };
		3DBD282029575B0A0043F05D /* Base */ = {isa = PBXFileReference; lastKnownFileType = file.storyboard; name = Base; path = Base.lproj/LaunchScreen.storyboard; sourceTree = "<group>"; };
		3DBD282229575B0A0043F05D /* Info.plist */ = {isa = PBXFileReference; lastKnownFileType = text.plist.xml; path = Info.plist; sourceTree = "<group>"; };
		3DBD282829575BDA0043F05D /* Order.swift */ = {isa = PBXFileReference; lastKnownFileType = sourcecode.swift; path = Order.swift; sourceTree = "<group>"; };
		3DBD282D2957658F0043F05D /* OrderTableViewCell.swift */ = {isa = PBXFileReference; lastKnownFileType = sourcecode.swift; path = OrderTableViewCell.swift; sourceTree = "<group>"; };
		3DBD282F295766580043F05D /* MenuTableViewController.swift */ = {isa = PBXFileReference; lastKnownFileType = sourcecode.swift; path = MenuTableViewController.swift; sourceTree = "<group>"; };
		3DBD2833295776AE0043F05D /* Menu.swift */ = {isa = PBXFileReference; lastKnownFileType = sourcecode.swift; path = Menu.swift; sourceTree = "<group>"; };
		3DBD283729577A1A0043F05D /* MenuTableViewCell.swift */ = {isa = PBXFileReference; lastKnownFileType = sourcecode.swift; path = MenuTableViewCell.swift; sourceTree = "<group>"; };
		3DBD283929586D3A0043F05D /* OrderViewController.swift */ = {isa = PBXFileReference; lastKnownFileType = sourcecode.swift; path = OrderViewController.swift; sourceTree = "<group>"; };
		3DBFC72E29587E820092463E /* OrderTableViewController.swift */ = {isa = PBXFileReference; lastKnownFileType = sourcecode.swift; path = OrderTableViewController.swift; sourceTree = "<group>"; };
/* End PBXFileReference section */

/* Begin PBXFrameworksBuildPhase section */
		3DBD280E29575B090043F05D /* Frameworks */ = {
			isa = PBXFrameworksBuildPhase;
			buildActionMask = 2147483647;
			files = (
			);
			runOnlyForDeploymentPostprocessing = 0;
		};
/* End PBXFrameworksBuildPhase section */

/* Begin PBXGroup section */
		3DBD280829575B090043F05D = {
			isa = PBXGroup;
			children = (
				3DBD281329575B090043F05D /* DrinksOrder */,
				3DBD281229575B090043F05D /* Products */,
			);
			sourceTree = "<group>";
		};
		3DBD281229575B090043F05D /* Products */ = {
			isa = PBXGroup;
			children = (
				3DBD281129575B090043F05D /* DrinksOrder.app */,
			);
			name = Products;
			sourceTree = "<group>";
		};
		3DBD281329575B090043F05D /* DrinksOrder */ = {
			isa = PBXGroup;
			children = (
				3DBD281429575B090043F05D /* AppDelegate.swift */,
				3DBD281629575B090043F05D /* SceneDelegate.swift */,
				3DBFC72D29586F3B0092463E /* View */,
				3DBD283B29586D440043F05D /* Controller */,
				3DBD282C2957617E0043F05D /* Model */,
				3DBD281D29575B0A0043F05D /* Assets.xcassets */,
				3DBD281F29575B0A0043F05D /* LaunchScreen.storyboard */,
				3DBD282229575B0A0043F05D /* Info.plist */,
			);
			path = DrinksOrder;
			sourceTree = "<group>";
		};
		3DBD282C2957617E0043F05D /* Model */ = {
			isa = PBXGroup;
			children = (
				3DBD282829575BDA0043F05D /* Order.swift */,
				3DBD2833295776AE0043F05D /* Menu.swift */,
			);
			path = Model;
			sourceTree = "<group>";
		};
		3DBD283B29586D440043F05D /* Controller */ = {
			isa = PBXGroup;
			children = (
				3DBD282F295766580043F05D /* MenuTableViewController.swift */,
				3DBFC72E29587E820092463E /* OrderTableViewController.swift */,
				3DBD283929586D3A0043F05D /* OrderViewController.swift */,
				3DBFC7312958B8480092463E /* Cell */,
			);
			path = Controller;
			sourceTree = "<group>";
		};
		3DBFC72D29586F3B0092463E /* View */ = {
			isa = PBXGroup;
			children = (
				3DBD281A29575B090043F05D /* Main.storyboard */,
			);
			path = View;
			sourceTree = "<group>";
		};
		3DBFC7312958B8480092463E /* Cell */ = {
			isa = PBXGroup;
			children = (
				3DBD283729577A1A0043F05D /* MenuTableViewCell.swift */,
				3DBD282D2957658F0043F05D /* OrderTableViewCell.swift */,
			);
			path = Cell;
			sourceTree = "<group>";
		};
/* End PBXGroup section */

/* Begin PBXNativeTarget section */
		3DBD281029575B090043F05D /* DrinksOrder */ = {
			isa = PBXNativeTarget;
			buildConfigurationList = 3DBD282529575B0A0043F05D /* Build configuration list for PBXNativeTarget "DrinksOrder" */;
			buildPhases = (
				3DBD280D29575B090043F05D /* Sources */,
				3DBD280E29575B090043F05D /* Frameworks */,
				3DBD280F29575B090043F05D /* Resources */,
			);
			buildRules = (
			);
			dependencies = (
			);
			name = DrinksOrder;
			productName = DrinksOrder;
			productReference = 3DBD281129575B090043F05D /* DrinksOrder.app */;
			productType = "com.apple.product-type.application";
		};
/* End PBXNativeTarget section */

/* Begin PBXProject section */
		3DBD280929575B090043F05D /* Project object */ = {
			isa = PBXProject;
			attributes = {
				BuildIndependentTargetsInParallel = 1;
				LastSwiftUpdateCheck = 1400;
				LastUpgradeCheck = 1400;
				TargetAttributes = {
					3DBD281029575B090043F05D = {
						CreatedOnToolsVersion = 14.0;
					};
				};
			};
			buildConfigurationList = 3DBD280C29575B090043F05D /* Build configuration list for PBXProject "DrinksOrder" */;
			compatibilityVersion = "Xcode 14.0";
			developmentRegion = en;
			hasScannedForEncodings = 0;
			knownRegions = (
				en,
				Base,
			);
			mainGroup = 3DBD280829575B090043F05D;
			productRefGroup = 3DBD281229575B090043F05D /* Products */;
			projectDirPath = "";
			projectRoot = "";
			targets = (
				3DBD281029575B090043F05D /* DrinksOrder */,
			);
		};
/* End PBXProject section */

/* Begin PBXResourcesBuildPhase section */
		3DBD280F29575B090043F05D /* Resources */ = {
			isa = PBXResourcesBuildPhase;
			buildActionMask = 2147483647;
			files = (
				3DBD282129575B0A0043F05D /* LaunchScreen.storyboard in Resources */,
				3DBD281E29575B0A0043F05D /* Assets.xcassets in Resources */,
				3DBD281C29575B090043F05D /* Main.storyboard in Resources */,
			);
			runOnlyForDeploymentPostprocessing = 0;
		};
/* End PBXResourcesBuildPhase section */

/* Begin PBXSourcesBuildPhase section */
		3DBD280D29575B090043F05D /* Sources */ = {
			isa = PBXSourcesBuildPhase;
			buildActionMask = 2147483647;
			files = (
				3DBD2834295776AE0043F05D /* Menu.swift in Sources */,
				3DBFC72F29587E820092463E /* OrderTableViewController.swift in Sources */,
				3DBD282E2957658F0043F05D /* OrderTableViewCell.swift in Sources */,
				3DBD283829577A1A0043F05D /* MenuTableViewCell.swift in Sources */,
				3DBD281529575B090043F05D /* AppDelegate.swift in Sources */,
				3DBD282929575BDA0043F05D /* Order.swift in Sources */,
				3DBD2830295766580043F05D /* MenuTableViewController.swift in Sources */,
				3DBD281729575B090043F05D /* SceneDelegate.swift in Sources */,
				3DBD283A29586D3A0043F05D /* OrderViewController.swift in Sources */,
			);
			runOnlyForDeploymentPostprocessing = 0;
		};
/* End PBXSourcesBuildPhase section */

/* Begin PBXVariantGroup section */
		3DBD281A29575B090043F05D /* Main.storyboard */ = {
			isa = PBXVariantGroup;
			children = (
				3DBD281B29575B090043F05D /* Base */,
			);
			name = Main.storyboard;
			sourceTree = "<group>";
		};
		3DBD281F29575B0A0043F05D /* LaunchScreen.storyboard */ = {
			isa = PBXVariantGroup;
			children = (
				3DBD282029575B0A0043F05D /* Base */,
			);
			name = LaunchScreen.storyboard;
			sourceTree = "<group>";
		};
/* End PBXVariantGroup section */

/* Begin XCBuildConfiguration section */
		3DBD282329575B0A0043F05D /* Debug */ = {
			isa = XCBuildConfiguration;
			buildSettings = {
				ALWAYS_SEARCH_USER_PATHS = NO;
				CLANG_ANALYZER_NONNULL = YES;
				CLANG_ANALYZER_NUMBER_OBJECT_CONVERSION = YES_AGGRESSIVE;
				CLANG_CXX_LANGUAGE_STANDARD = "gnu++20";
				CLANG_ENABLE_MODULES = YES;
				CLANG_ENABLE_OBJC_ARC = YES;
				CLANG_ENABLE_OBJC_WEAK = YES;
				CLANG_WARN_BLOCK_CAPTURE_AUTORELEASING = YES;
				CLANG_WARN_BOOL_CONVERSION = YES;
				CLANG_WARN_COMMA = YES;
				CLANG_WARN_CONSTANT_CONVERSION = YES;
				CLANG_WARN_DEPRECATED_OBJC_IMPLEMENTATIONS = YES;
				CLANG_WARN_DIRECT_OBJC_ISA_USAGE = YES_ERROR;
				CLANG_WARN_DOCUMENTATION_COMMENTS = YES;
				CLANG_WARN_EMPTY_BODY = YES;
				CLANG_WARN_ENUM_CONVERSION = YES;
				CLANG_WARN_INFINITE_RECURSION = YES;
				CLANG_WARN_INT_CONVERSION = YES;
				CLANG_WARN_NON_LITERAL_NULL_CONVERSION = YES;
				CLANG_WARN_OBJC_IMPLICIT_RETAIN_SELF = YES;
				CLANG_WARN_OBJC_LITERAL_CONVERSION = YES;
				CLANG_WARN_OBJC_ROOT_CLASS = YES_ERROR;
				CLANG_WARN_QUOTED_INCLUDE_IN_FRAMEWORK_HEADER = YES;
				CLANG_WARN_RANGE_LOOP_ANALYSIS = YES;
				CLANG_WARN_STRICT_PROTOTYPES = YES;
				CLANG_WARN_SUSPICIOUS_MOVE = YES;
				CLANG_WARN_UNGUARDED_AVAILABILITY = YES_AGGRESSIVE;
				CLANG_WARN_UNREACHABLE_CODE = YES;
				CLANG_WARN__DUPLICATE_METHOD_MATCH = YES;
				COPY_PHASE_STRIP = NO;
				DEBUG_INFORMATION_FORMAT = dwarf;
				ENABLE_STRICT_OBJC_MSGSEND = YES;
				ENABLE_TESTABILITY = YES;
				GCC_C_LANGUAGE_STANDARD = gnu11;
				GCC_DYNAMIC_NO_PIC = NO;
				GCC_NO_COMMON_BLOCKS = YES;
				GCC_OPTIMIZATION_LEVEL = 0;
				GCC_PREPROCESSOR_DEFINITIONS = (
					"DEBUG=1",
					"$(inherited)",
				);
				GCC_WARN_64_TO_32_BIT_CONVERSION = YES;
				GCC_WARN_ABOUT_RETURN_TYPE = YES_ERROR;
				GCC_WARN_UNDECLARED_SELECTOR = YES;
				GCC_WARN_UNINITIALIZED_AUTOS = YES_AGGRESSIVE;
				GCC_WARN_UNUSED_FUNCTION = YES;
				GCC_WARN_UNUSED_VARIABLE = YES;
				IPHONEOS_DEPLOYMENT_TARGET = 16.0;
				MTL_ENABLE_DEBUG_INFO = INCLUDE_SOURCE;
				MTL_FAST_MATH = YES;
				ONLY_ACTIVE_ARCH = YES;
				SDKROOT = iphoneos;
				SWIFT_ACTIVE_COMPILATION_CONDITIONS = DEBUG;
				SWIFT_OPTIMIZATION_LEVEL = "-Onone";
			};
			name = Debug;
		};
		3DBD282429575B0A0043F05D /* Release */ = {
			isa = XCBuildConfiguration;
			buildSettings = {
				ALWAYS_SEARCH_USER_PATHS = NO;
				CLANG_ANALYZER_NONNULL = YES;
				CLANG_ANALYZER_NUMBER_OBJECT_CONVERSION = YES_AGGRESSIVE;
				CLANG_CXX_LANGUAGE_STANDARD = "gnu++20";
				CLANG_ENABLE_MODULES = YES;
				CLANG_ENABLE_OBJC_ARC = YES;
				CLANG_ENABLE_OBJC_WEAK = YES;
				CLANG_WARN_BLOCK_CAPTURE_AUTORELEASING = YES;
				CLANG_WARN_BOOL_CONVERSION = YES;
				CLANG_WARN_COMMA = YES;
				CLANG_WARN_CONSTANT_CONVERSION = YES;
				CLANG_WARN_DEPRECATED_OBJC_IMPLEMENTATIONS = YES;
				CLANG_WARN_DIRECT_OBJC_ISA_USAGE = YES_ERROR;
				CLANG_WARN_DOCUMENTATION_COMMENTS = YES;
				CLANG_WARN_EMPTY_BODY = YES;
				CLANG_WARN_ENUM_CONVERSION = YES;
				CLANG_WARN_INFINITE_RECURSION = YES;
				CLANG_WARN_INT_CONVERSION = YES;
				CLANG_WARN_NON_LITERAL_NULL_CONVERSION = YES;
				CLANG_WARN_OBJC_IMPLICIT_RETAIN_SELF = YES;
				CLANG_WARN_OBJC_LITERAL_CONVERSION = YES;
				CLANG_WARN_OBJC_ROOT_CLASS = YES_ERROR;
				CLANG_WARN_QUOTED_INCLUDE_IN_FRAMEWORK_HEADER = YES;
				CLANG_WARN_RANGE_LOOP_ANALYSIS = YES;
				CLANG_WARN_STRICT_PROTOTYPES = YES;
				CLANG_WARN_SUSPICIOUS_MOVE = YES;
				CLANG_WARN_UNGUARDED_AVAILABILITY = YES_AGGRESSIVE;
				CLANG_WARN_UNREACHABLE_CODE = YES;
				CLANG_WARN__DUPLICATE_METHOD_MATCH = YES;
				COPY_PHASE_STRIP = NO;
				DEBUG_INFORMATION_FORMAT = "dwarf-with-dsym";
				ENABLE_NS_ASSERTIONS = NO;
				ENABLE_STRICT_OBJC_MSGSEND = YES;
				GCC_C_LANGUAGE_STANDARD = gnu11;
				GCC_NO_COMMON_BLOCKS = YES;
				GCC_WARN_64_TO_32_BIT_CONVERSION = YES;
				GCC_WARN_ABOUT_RETURN_TYPE = YES_ERROR;
				GCC_WARN_UNDECLARED_SELECTOR = YES;
				GCC_WARN_UNINITIALIZED_AUTOS = YES_AGGRESSIVE;
				GCC_WARN_UNUSED_FUNCTION = YES;
				GCC_WARN_UNUSED_VARIABLE = YES;
				IPHONEOS_DEPLOYMENT_TARGET = 16.0;
				MTL_ENABLE_DEBUG_INFO = NO;
				MTL_FAST_MATH = YES;
				SDKROOT = iphoneos;
				SWIFT_COMPILATION_MODE = wholemodule;
				SWIFT_OPTIMIZATION_LEVEL = "-O";
				VALIDATE_PRODUCT = YES;
			};
			name = Release;
		};
		3DBD282629575B0A0043F05D /* Debug */ = {
			isa = XCBuildConfiguration;
			buildSettings = {
				ASSETCATALOG_COMPILER_APPICON_NAME = AppIcon;
				ASSETCATALOG_COMPILER_GLOBAL_ACCENT_COLOR_NAME = AccentColor;
				CODE_SIGN_STYLE = Automatic;
				CURRENT_PROJECT_VERSION = 1;
				DEVELOPMENT_TEAM = G347QPYF8F;
				GENERATE_INFOPLIST_FILE = YES;
				INFOPLIST_FILE = DrinksOrder/Info.plist;
				INFOPLIST_KEY_UIApplicationSupportsIndirectInputEvents = YES;
				INFOPLIST_KEY_UILaunchStoryboardName = LaunchScreen;
				INFOPLIST_KEY_UIMainStoryboardFile = Main;
				INFOPLIST_KEY_UISupportedInterfaceOrientations_iPad = "UIInterfaceOrientationPortrait UIInterfaceOrientationPortraitUpsideDown UIInterfaceOrientationLandscapeLeft UIInterfaceOrientationLandscapeRight";
				INFOPLIST_KEY_UISupportedInterfaceOrientations_iPhone = "UIInterfaceOrientationPortrait UIInterfaceOrientationLandscapeLeft UIInterfaceOrientationLandscapeRight";
				LD_RUNPATH_SEARCH_PATHS = (
					"$(inherited)",
					"@executable_path/Frameworks",
				);
				MARKETING_VERSION = 1.0;
				PRODUCT_BUNDLE_IDENTIFIER = Yuan.DrinksOrder;
				PRODUCT_NAME = "$(TARGET_NAME)";
				SWIFT_EMIT_LOC_STRINGS = YES;
				SWIFT_VERSION = 5.0;
				TARGETED_DEVICE_FAMILY = "1,2";
			};
			name = Debug;
		};
		3DBD282729575B0A0043F05D /* Release */ = {
			isa = XCBuildConfiguration;
			buildSettings = {
				ASSETCATALOG_COMPILER_APPICON_NAME = AppIcon;
				ASSETCATALOG_COMPILER_GLOBAL_ACCENT_COLOR_NAME = AccentColor;
				CODE_SIGN_STYLE = Automatic;
				CURRENT_PROJECT_VERSION = 1;
				DEVELOPMENT_TEAM = G347QPYF8F;
				GENERATE_INFOPLIST_FILE = YES;
				INFOPLIST_FILE = DrinksOrder/Info.plist;
				INFOPLIST_KEY_UIApplicationSupportsIndirectInputEvents = YES;
				INFOPLIST_KEY_UILaunchStoryboardName = LaunchScreen;
				INFOPLIST_KEY_UIMainStoryboardFile = Main;
				INFOPLIST_KEY_UISupportedInterfaceOrientations_iPad = "UIInterfaceOrientationPortrait UIInterfaceOrientationPortraitUpsideDown UIInterfaceOrientationLandscapeLeft UIInterfaceOrientationLandscapeRight";
				INFOPLIST_KEY_UISupportedInterfaceOrientations_iPhone = "UIInterfaceOrientationPortrait UIInterfaceOrientationLandscapeLeft UIInterfaceOrientationLandscapeRight";
				LD_RUNPATH_SEARCH_PATHS = (
					"$(inherited)",
					"@executable_path/Frameworks",
				);
				MARKETING_VERSION = 1.0;
				PRODUCT_BUNDLE_IDENTIFIER = Yuan.DrinksOrder;
				PRODUCT_NAME = "$(TARGET_NAME)";
				SWIFT_EMIT_LOC_STRINGS = YES;
				SWIFT_VERSION = 5.0;
				TARGETED_DEVICE_FAMILY = "1,2";
			};
			name = Release;
		};
/* End XCBuildConfiguration section */

/* Begin XCConfigurationList section */
		3DBD280C29575B090043F05D /* Build configuration list for PBXProject "DrinksOrder" */ = {
			isa = XCConfigurationList;
			buildConfigurations = (
				3DBD282329575B0A0043F05D /* Debug */,
				3DBD282429575B0A0043F05D /* Release */,
			);
			defaultConfigurationIsVisible = 0;
			defaultConfigurationName = Release;
		};
		3DBD282529575B0A0043F05D /* Build configuration list for PBXNativeTarget "DrinksOrder" */ = {
			isa = XCConfigurationList;
			buildConfigurations = (
				3DBD282629575B0A0043F05D /* Debug */,
				3DBD282729575B0A0043F05D /* Release */,
			);
			defaultConfigurationIsVisible = 0;
			defaultConfigurationName = Release;
		};
/* End XCConfigurationList section */
	};
	rootObject = 3DBD280929575B090043F05D /* Project object */;
}
